{
  "name": "test",
  "version": "1.0.0",
  "lockfileVersion": 1,
  "requires": true,
  "dependencies": {
    "es7-sleep": {
      "version": "1.0.0",
      "resolved": "https://registry.npmjs.org/es7-sleep/-/es7-sleep-1.0.0.tgz",
      "integrity": "sha1-1Yo3wlBOgdUK2Yhbp2uvPoqLWoc="
    },
    "sleeping": {
      "version": "0.2.0",
      "resolved": "https://registry.npmjs.org/sleeping/-/sleeping-0.2.0.tgz",
      "integrity": "sha512-sP1gVy92yhL+RbgKzEUadBiiquAGaLnuFj47weK0Z8c2Z3tIpKOs5ITvu6Bj1WeAxWteuTHr57iWS+4DQE6aiQ=="
    }
  }
}
